
Microsoft Visual Studio Solution File, Format Version 12.00
# Visual Studio 2013
VisualStudioVersion = 12.0.31101.0
MinimumVisualStudioVersion = 10.0.40219.1
Project("{FAE04EC0-301F-11D3-BF4B-00C04F79EFBC}") = "SpeechMusicController", "SpeechMusicController\SpeechMusicController.csproj", "{800A28F1-B7E4-410C-87B4-42509D63C6D0}"
EndProject
Project("{FAE04EC0-301F-11D3-BF4B-00C04F79EFBC}") = "MusicPlayer", "MusicPlayer\MusicPlayer.csproj", "{B9BAD4EC-7748-4267-BDDA-7EEB72E91BB1}"
EndProject
Global
	GlobalSection(SolutionConfigurationPlatforms) = preSolution
		Debug|Any CPU = Debug|Any CPU
		Release|Any CPU = Release|Any CPU
	EndGlobalSection
	GlobalSection(ProjectConfigurationPlatforms) = postSolution
		{800A28F1-B7E4-410C-87B4-42509D63C6D0}.Debug|Any CPU.ActiveCfg = Debug|Any CPU
		{800A28F1-B7E4-410C-87B4-42509D63C6D0}.Debug|Any CPU.Build.0 = Debug|Any CPU
		{800A28F1-B7E4-410C-87B4-42509D63C6D0}.Release|Any CPU.ActiveCfg = Release|Any CPU
		{800A28F1-B7E4-410C-87B4-42509D63C6D0}.Release|Any CPU.Build.0 = Release|Any CPU
		{B9BAD4EC-7748-4267-BDDA-7EEB72E91BB1}.Debug|Any CPU.ActiveCfg = Debug|Any CPU
		{B9BAD4EC-7748-4267-BDDA-7EEB72E91BB1}.Debug|Any CPU.Build.0 = Debug|Any CPU
		{B9BAD4EC-7748-4267-BDDA-7EEB72E91BB1}.Release|Any CPU.ActiveCfg = Release|Any CPU
		{B9BAD4EC-7748-4267-BDDA-7EEB72E91BB1}.Release|Any CPU.Build.0 = Release|Any CPU
	EndGlobalSection
	GlobalSection(SolutionProperties) = preSolution
		HideSolutionNode = FALSE
	EndGlobalSection
EndGlobal
