
Microsoft Visual Studio Solution File, Format Version 12.00
# Visual Studio Version 16
VisualStudioVersion = 16.0.29424.173
MinimumVisualStudioVersion = 10.0.40219.1
Project("{FAE04EC0-301F-11D3-BF4B-00C04F79EFBC}") = "SpeechMusicController", "Deprecated\SpeechMusicController\SpeechMusicController.csproj", "{800A28F1-B7E4-410C-87B4-42509D63C6D0}"
EndProject
Project("{FAE04EC0-301F-11D3-BF4B-00C04F79EFBC}") = "MusicPlayer", "Deprecated\MusicPlayer\MusicPlayer.csproj", "{B9BAD4EC-7748-4267-BDDA-7EEB72E91BB1}"
EndProject
Project("{9A19103F-16F7-4668-BE54-9A1E7A4F7556}") = "PlayerInterface", "PlayerInterface\PlayerInterface.csproj", "{4E8E3B36-0BF2-4BDB-B48F-C5C33C4BE93A}"
EndProject
Project("{9A19103F-16F7-4668-BE54-9A1E7A4F7556}") = "PlayerCore", "PlayerCore\PlayerCore.csproj", "{A44BC6CC-5073-4CB5-A59C-2C6DDF5D4C9B}"
EndProject
Project("{9A19103F-16F7-4668-BE54-9A1E7A4F7556}") = "SpeechControl", "SpeechControl\SpeechControl.csproj", "{63715F30-9FA5-4C63-9517-E59A030BE13D}"
EndProject
Project("{2150E333-8FDC-42A3-9474-1A3956D46DE8}") = "Deprecated", "Deprecated", "{2C07822F-09C5-42F7-8589-4B9A6E5C9112}"
EndProject
Global
	GlobalSection(SolutionConfigurationPlatforms) = preSolution
		Debug|Any CPU = Debug|Any CPU
		Release|Any CPU = Release|Any CPU
	EndGlobalSection
	GlobalSection(ProjectConfigurationPlatforms) = postSolution
		{800A28F1-B7E4-410C-87B4-42509D63C6D0}.Debug|Any CPU.ActiveCfg = Debug|Any CPU
		{800A28F1-B7E4-410C-87B4-42509D63C6D0}.Debug|Any CPU.Build.0 = Debug|Any CPU
		{800A28F1-B7E4-410C-87B4-42509D63C6D0}.Release|Any CPU.ActiveCfg = Release|Any CPU
		{800A28F1-B7E4-410C-87B4-42509D63C6D0}.Release|Any CPU.Build.0 = Release|Any CPU
		{B9BAD4EC-7748-4267-BDDA-7EEB72E91BB1}.Debug|Any CPU.ActiveCfg = Debug|Any CPU
		{B9BAD4EC-7748-4267-BDDA-7EEB72E91BB1}.Debug|Any CPU.Build.0 = Debug|Any CPU
		{B9BAD4EC-7748-4267-BDDA-7EEB72E91BB1}.Release|Any CPU.ActiveCfg = Release|Any CPU
		{B9BAD4EC-7748-4267-BDDA-7EEB72E91BB1}.Release|Any CPU.Build.0 = Release|Any CPU
		{4E8E3B36-0BF2-4BDB-B48F-C5C33C4BE93A}.Debug|Any CPU.ActiveCfg = Debug|Any CPU
		{4E8E3B36-0BF2-4BDB-B48F-C5C33C4BE93A}.Debug|Any CPU.Build.0 = Debug|Any CPU
		{4E8E3B36-0BF2-4BDB-B48F-C5C33C4BE93A}.Release|Any CPU.ActiveCfg = Release|Any CPU
		{4E8E3B36-0BF2-4BDB-B48F-C5C33C4BE93A}.Release|Any CPU.Build.0 = Release|Any CPU
		{A44BC6CC-5073-4CB5-A59C-2C6DDF5D4C9B}.Debug|Any CPU.ActiveCfg = Debug|Any CPU
		{A44BC6CC-5073-4CB5-A59C-2C6DDF5D4C9B}.Debug|Any CPU.Build.0 = Debug|Any CPU
		{A44BC6CC-5073-4CB5-A59C-2C6DDF5D4C9B}.Release|Any CPU.ActiveCfg = Release|Any CPU
		{A44BC6CC-5073-4CB5-A59C-2C6DDF5D4C9B}.Release|Any CPU.Build.0 = Release|Any CPU
		{63715F30-9FA5-4C63-9517-E59A030BE13D}.Debug|Any CPU.ActiveCfg = Debug|Any CPU
		{63715F30-9FA5-4C63-9517-E59A030BE13D}.Debug|Any CPU.Build.0 = Debug|Any CPU
		{63715F30-9FA5-4C63-9517-E59A030BE13D}.Release|Any CPU.ActiveCfg = Release|Any CPU
		{63715F30-9FA5-4C63-9517-E59A030BE13D}.Release|Any CPU.Build.0 = Release|Any CPU
	EndGlobalSection
	GlobalSection(SolutionProperties) = preSolution
		HideSolutionNode = FALSE
	EndGlobalSection
	GlobalSection(NestedProjects) = preSolution
		{800A28F1-B7E4-410C-87B4-42509D63C6D0} = {2C07822F-09C5-42F7-8589-4B9A6E5C9112}
		{B9BAD4EC-7748-4267-BDDA-7EEB72E91BB1} = {2C07822F-09C5-42F7-8589-4B9A6E5C9112}
	EndGlobalSection
	GlobalSection(ExtensibilityGlobals) = postSolution
		SolutionGuid = {51FC0268-1253-44CD-B4AD-19AA7BA2C045}
	EndGlobalSection
EndGlobal
